{
    "name": "t3d-atmosphere-examples",
    "version": "0.0.1",
    "lockfileVersion": 3,
    "requires": true,
    "packages": {
        "": {
            "name": "t3d-atmosphere-examples",
            "version": "0.0.1",
            "dependencies": {
                "@tweakpane/plugin-essentials": "^0.2.1",
                "es-module-shims": "^2.5.1",
                "ktx-parse": "^1.0.0",
                "nanobar": "^0.4.2",
                "t3d": "^0.5.2",
                "tweakpane": "^4.0.5",
                "zstddec": "^0.1.0"
            }
        },
        "node_modules/@tweakpane/plugin-essentials": {
            "version": "0.2.1",
            "resolved": "https://registry.npmjs.org/@tweakpane/plugin-essentials/-/plugin-essentials-0.2.1.tgz",
            "integrity": "sha512-VbFU1/uD+CJNFQdfLXUOLjeG5HyUZH97Ox9CxmyVetg1hqjVun3C83HAGFULyhKzl8tSgii8jr304r8QpdHwzQ==",
            "license": "MIT",
            "peerDependencies": {
                "tweakpane": "^4.0.0"
            }
        },
        "node_modules/es-module-shims": {
            "version": "2.8.0",
            "resolved": "https://registry.npmjs.org/es-module-shims/-/es-module-shims-2.8.0.tgz",
            "integrity": "sha512-7eBj0nIBTMjg8WspPfHOXVxwvDPeYjTMH7PipzrbecfLS4SFwRvWeakZNsAx0y9yF3TydxrG32tj3y+GKzlpYg==",
            "license": "MIT"
        },
        "node_modules/ktx-parse": {
            "version": "1.1.0",
            "resolved": "https://registry.npmjs.org/ktx-parse/-/ktx-parse-1.1.0.tgz",
            "integrity": "sha512-mKp3y+FaYgR7mXWAbyyzpa/r1zDWeaunH+INJO4fou3hb45XuNSwar+7llrRyvpMWafxSIi99RNFJ05MHedaJQ==",
            "license": "MIT"
        },
        "node_modules/nanobar": {
            "version": "0.4.2",
            "resolved": "https://registry.npmjs.org/nanobar/-/nanobar-0.4.2.tgz",
            "integrity": "sha512-9lZYwIn1ZyiQcdhpPZe2bDgSv+pyP4qCWCnvonKzTQVS/XTeQm45Ampml++JnitI1XYnXt59IVDT9qUChdqErw==",
            "license": "MIT"
        },
        "node_modules/t3d": {
            "version": "0.5.2",
            "resolved": "https://registry.npmjs.org/t3d/-/t3d-0.5.2.tgz",
            "integrity": "sha512-AkuYDT0RPtKTHoDRqzm2CIt5yAa/N1fK2oCCI0IWR6AwDX5R1NcJS/JuynFPkMznREC6z+6/jXbByYVRhnns0Q==",
            "license": "BSD-3-Clause"
        },
        "node_modules/tweakpane": {
            "version": "4.0.5",
            "resolved": "https://registry.npmjs.org/tweakpane/-/tweakpane-4.0.5.tgz",
            "integrity": "sha512-rxEXdSI+ArlG1RyO6FghC4ZUX8JkEfz8F3v1JuteXSV0pEtHJzyo07fcDG+NsJfN5L39kSbCYbB9cBGHyuI/tQ==",
            "license": "MIT",
            "peer": true,
            "funding": {
                "url": "https://github.com/sponsors/cocopon"
            }
        },
        "node_modules/zstddec": {
            "version": "0.1.0",
            "resolved": "https://registry.npmjs.org/zstddec/-/zstddec-0.1.0.tgz",
            "integrity": "sha512-w2NTI8+3l3eeltKAdK8QpiLo/flRAr2p8AGeakfMZOXBxOg9HIu4LVDxBi81sYgVhFhdJjv1OrB5ssI8uFPoLg==",
            "license": "MIT AND BSD-3-Clause"
        }
    }
}
