{
    "name": "t3d-atmosphere-examples",
    "version": "0.0.1",
    "lockfileVersion": 3,
    "requires": true,
    "packages": {
        "": {
            "name": "t3d-atmosphere-examples",
            "version": "0.0.1",
            "dependencies": {
                "@tweakpane/plugin-essentials": "^0.2.1",
                "es-module-shims": "^2.5.1",
                "ktx-parse": "^1.0.0",
                "nanobar": "^0.4.2",
                "t3d": "^0.4.0",
                "tweakpane": "^4.0.5",
                "zstddec": "^0.1.0"
            }
        },
        "node_modules/@tweakpane/plugin-essentials": {
            "version": "0.2.1",
            "resolved": "https://registry.npmjs.org/@tweakpane/plugin-essentials/-/plugin-essentials-0.2.1.tgz",
            "integrity": "sha512-VbFU1/uD+CJNFQdfLXUOLjeG5HyUZH97Ox9CxmyVetg1hqjVun3C83HAGFULyhKzl8tSgii8jr304r8QpdHwzQ==",
            "peerDependencies": {
                "tweakpane": "^4.0.0"
            }
        },
        "node_modules/es-module-shims": {
            "version": "2.6.0",
            "resolved": "https://registry.npmjs.org/es-module-shims/-/es-module-shims-2.6.0.tgz",
            "integrity": "sha512-R5TdSd1rN4ok3gUEpG4H8JmrfexQf06yJ1c3VY3xqxt+S4rsaN0wzMHo4XnDtrX/zxOO0B9VhG/pFbsJ8WRvpg=="
        },
        "node_modules/ktx-parse": {
            "version": "1.0.0",
            "resolved": "https://registry.npmjs.org/ktx-parse/-/ktx-parse-1.0.0.tgz",
            "integrity": "sha512-Z31kVizz4DF/6vo9YiSYVBhuXAfyQy9bGxlW3+mB5OELoZjfXVZQpRoctsx8IEDKxBd6SagXKo7qRvu38i8Jfg=="
        },
        "node_modules/nanobar": {
            "version": "0.4.2",
            "resolved": "https://registry.npmjs.org/nanobar/-/nanobar-0.4.2.tgz",
            "integrity": "sha512-9lZYwIn1ZyiQcdhpPZe2bDgSv+pyP4qCWCnvonKzTQVS/XTeQm45Ampml++JnitI1XYnXt59IVDT9qUChdqErw=="
        },
        "node_modules/t3d": {
            "version": "0.4.2",
            "resolved": "https://registry.npmjs.org/t3d/-/t3d-0.4.2.tgz",
            "integrity": "sha512-kOqzgrfp0ApvvYMwa9vWrLegbHxltfWj3N1hu8LZija08kmr6O0cdN1xEMa91AZN9U8j/oeQuEkQpeInOm30mQ=="
        },
        "node_modules/tweakpane": {
            "version": "4.0.5",
            "resolved": "https://registry.npmjs.org/tweakpane/-/tweakpane-4.0.5.tgz",
            "integrity": "sha512-rxEXdSI+ArlG1RyO6FghC4ZUX8JkEfz8F3v1JuteXSV0pEtHJzyo07fcDG+NsJfN5L39kSbCYbB9cBGHyuI/tQ==",
            "funding": {
                "url": "https://github.com/sponsors/cocopon"
            }
        },
        "node_modules/zstddec": {
            "version": "0.1.0",
            "resolved": "https://registry.npmjs.org/zstddec/-/zstddec-0.1.0.tgz",
            "integrity": "sha512-w2NTI8+3l3eeltKAdK8QpiLo/flRAr2p8AGeakfMZOXBxOg9HIu4LVDxBi81sYgVhFhdJjv1OrB5ssI8uFPoLg=="
        }
    }
}
